
Microsoft Visual Studio Solution File, Format Version 12.00
# Visual Studio Version 17
VisualStudioVersion = 17.2.32630.192
MinimumVisualStudioVersion = 10.0.40219.1
Project("{FAE04EC0-301F-11D3-BF4B-00C04F79EFBC}") = "KalatushkaV2", "KalatushkaV2\KalatushkaV2.csproj", "{5EBE852A-A98A-434E-916F-A757ACF2B13A}"
EndProject
Global
	GlobalSection(SolutionConfigurationPlatforms) = preSolution
		Debug|Any CPU = Debug|Any CPU
		Release|Any CPU = Release|Any CPU
	EndGlobalSection
	GlobalSection(ProjectConfigurationPlatforms) = postSolution
		{5EBE852A-A98A-434E-916F-A757ACF2B13A}.Debug|Any CPU.ActiveCfg = Debug|Any CPU
		{5EBE852A-A98A-434E-916F-A757ACF2B13A}.Debug|Any CPU.Build.0 = Debug|Any CPU
		{5EBE852A-A98A-434E-916F-A757ACF2B13A}.Release|Any CPU.ActiveCfg = Release|Any CPU
		{5EBE852A-A98A-434E-916F-A757ACF2B13A}.Release|Any CPU.Build.0 = Release|Any CPU
	EndGlobalSection
	GlobalSection(SolutionProperties) = preSolution
		HideSolutionNode = FALSE
	EndGlobalSection
	GlobalSection(ExtensibilityGlobals) = postSolution
		SolutionGuid = {F6101AD8-34E3-4AE0-B07D-448B73DF08A9}
	EndGlobalSection
EndGlobal
